<?xml version="1.0" encoding="utf-8"?>
<Project ToolsVersion="4.0" xmlns="http://schemas.microsoft.com/developer/msbuild/2003">
  <ItemGroup>
    <Filter Include="Source Files">
      <UniqueIdentifier>{4FC737F1-C7A5-4376-A066-2A32D752A2FF}</UniqueIdentifier>
      <Extensions>cpp;c;cc;cxx;def;odl;idl;hpj;bat;asm;asmx</Extensions>
    </Filter>
    <Filter Include="Header Files">
      <UniqueIdentifier>{93995380-89BD-4b04-88EB-625FBE52EBFB}</UniqueIdentifier>
      <Extensions>h;hh;hpp;hxx;hm;inl;inc;xsd</Extensions>
    </Filter>
    <Filter Include="Resource Files">
      <UniqueIdentifier>{67DA6AB6-F800-4c08-8B7A-83BB121AAD01}</UniqueIdentifier>
      <Extensions>rc;ico;cur;bmp;dlg;rc2;rct;bin;rgs;gif;jpg;jpeg;jpe;resx;tiff;tif;png;wav;mfcribbon-ms</Extensions>
    </Filter>
    <Filter Include="Header Files\sdk">
      <UniqueIdentifier>{5d17a60d-de62-4116-922e-38139ba58491}</UniqueIdentifier>
    </Filter>
    <Filter Include="Header Files\NewFilter1">
      <UniqueIdentifier>{1dcadf59-73bd-49b1-9f3e-b4d0d393a901}</UniqueIdentifier>
    </Filter>
  </ItemGroup>
  <ItemGroup>
    <ClCompile Include="architecture\main.cpp">
      <Filter>Source Files</Filter>
    </ClCompile>
    <ClCompile Include="architecture\hooks\painttraverse.cpp">
      <Filter>Source Files</Filter>
    </ClCompile>
    <ClCompile Include="architecture\hooks\hooks.cpp">
      <Filter>Source Files</Filter>
    </ClCompile>
    <ClCompile Include="architecture\hooks\createmove.cpp">
      <Filter>Source Files</Filter>
    </ClCompile>
    <ClCompile Include="architecture\useful\utility.cpp">
      <Filter>Source Files</Filter>
    </ClCompile>
    <ClCompile Include="architecture\useful\offsets.cpp">
      <Filter>Source Files</Filter>
    </ClCompile>
    <ClCompile Include="architecture\useful\draw.cpp">
      <Filter>Source Files</Filter>
    </ClCompile>
    <ClCompile Include="architecture\useful\netvar.cpp">
      <Filter>Source Files</Filter>
    </ClCompile>
    <ClCompile Include="architecture\useful\interfaces.cpp">
      <Filter>Source Files</Filter>
    </ClCompile>
  </ItemGroup>
  <ItemGroup>
    <ClInclude Include="architecture\main.hpp">
      <Filter>Header Files</Filter>
    </ClInclude>
    <ClInclude Include="architecture\sdk\angle.hpp">
      <Filter>Header Files\sdk</Filter>
    </ClInclude>
    <ClInclude Include="architecture\sdk\color.hpp">
      <Filter>Header Files\sdk</Filter>
    </ClInclude>
    <ClInclude Include="architecture\sdk\enums.hpp">
      <Filter>Header Files\sdk</Filter>
    </ClInclude>
    <ClInclude Include="architecture\tools\foi.hpp">
      <Filter>Header Files</Filter>
    </ClInclude>
    <ClInclude Include="architecture\tools\vmthook.hpp">
      <Filter>Header Files</Filter>
    </ClInclude>
    <ClInclude Include="architecture\sdk\vector.hpp">
      <Filter>Header Files\sdk</Filter>
    </ClInclude>
    <ClInclude Include="architecture\sdk\sdk.hpp">
      <Filter>Header Files\sdk</Filter>
    </ClInclude>
    <ClInclude Include="architecture\hooks\painttraverse.hpp">
      <Filter>Header Files</Filter>
    </ClInclude>
    <ClInclude Include="architecture\hooks\hooks.hpp">
      <Filter>Header Files</Filter>
    </ClInclude>
    <ClInclude Include="architecture\hooks\createmove.hpp">
      <Filter>Header Files</Filter>
    </ClInclude>
    <ClInclude Include="architecture\useful\utility.hpp">
      <Filter>Header Files</Filter>
    </ClInclude>
    <ClInclude Include="architecture\useful\offsets.hpp">
      <Filter>Header Files</Filter>
    </ClInclude>
    <ClInclude Include="architecture\useful\interfaces.hpp">
      <Filter>Header Files</Filter>
    </ClInclude>
    <ClInclude Include="architecture\useful\draw.hpp">
      <Filter>Header Files</Filter>
    </ClInclude>
    <ClInclude Include="architecture\useful\netvar.hpp">
      <Filter>Header Files</Filter>
    </ClInclude>
    <ClInclude Include="architecture\sdk\hitmarker.hpp">
      <Filter>Header Files</Filter>
    </ClInclude>
  </ItemGroup>
</Project>